
Microsoft Visual Studio Solution File, Format Version 12.00
# Visual Studio Version 17
VisualStudioVersion = 17.4.33122.133
MinimumVisualStudioVersion = 10.0.40219.1
Project("{FAE04EC0-301F-11D3-BF4B-00C04F79EFBC}") = "WpfAppBinding", "WpfAppBinding\WpfAppBinding.csproj", "{B1D1474F-6D42-4C41-844A-4768D3C4A9E2}"
EndProject
Project("{FAE04EC0-301F-11D3-BF4B-00C04F79EFBC}") = "WpfAppBinding2", "WpfAppBinding2\WpfAppBinding2.csproj", "{4FB9118B-990D-433F-954C-D81DF1F21ADB}"
EndProject
Project("{FAE04EC0-301F-11D3-BF4B-00C04F79EFBC}") = "WpfAppStyles", "WpfAppStyles\WpfAppStyles.csproj", "{4485AF69-1742-48CC-8BE2-516D2AAF0EC0}"
EndProject
Project("{FAE04EC0-301F-11D3-BF4B-00C04F79EFBC}") = "WpfAppStylesDynamic", "WpfAppStylesDynamic\WpfAppStylesDynamic.csproj", "{B68350AF-0878-461D-AA88-8C7A03A62AC2}"
EndProject
Project("{FAE04EC0-301F-11D3-BF4B-00C04F79EFBC}") = "WpfAppTriggers1", "WpfAppTriggers1\WpfAppTriggers1.csproj", "{204D4227-D766-4304-BD78-DF2A15B388A5}"
EndProject
Project("{FAE04EC0-301F-11D3-BF4B-00C04F79EFBC}") = "WpfAppTemplates1", "WpfAppTemplates1\WpfAppTemplates1.csproj", "{39A5B492-457B-45DB-B859-1179CC395EED}"
EndProject
Project("{FAE04EC0-301F-11D3-BF4B-00C04F79EFBC}") = "WpfAppGraphics1", "WpfAppGraphics1\WpfAppGraphics1.csproj", "{1C92E12C-15B3-4FBF-8D99-AA6CCCE2F205}"
EndProject
Project("{FAE04EC0-301F-11D3-BF4B-00C04F79EFBC}") = "WpfAppGraphics2", "WpfAppGraphics2\WpfAppGraphics2.csproj", "{929E6ED7-ACF7-464A-B3C2-05C7EEC1699C}"
EndProject
Project("{FAE04EC0-301F-11D3-BF4B-00C04F79EFBC}") = "WpfAppGraphics3", "WpfAppGraphics3\WpfAppGraphics3.csproj", "{41D51282-4D92-4826-BDF5-AF883441492E}"
EndProject
Project("{FAE04EC0-301F-11D3-BF4B-00C04F79EFBC}") = "WpfAppEffects1", "WpfAppEffects1\WpfAppEffects1.csproj", "{D436E81F-F3F0-45CF-84AD-982C33048C74}"
EndProject
Project("{FAE04EC0-301F-11D3-BF4B-00C04F79EFBC}") = "WpfAppAnimate2", "WpfAppAnimate2\WpfAppAnimate2.csproj", "{68F4BC10-D7F1-4B09-9386-302A7C82A392}"
EndProject
Project("{FAE04EC0-301F-11D3-BF4B-00C04F79EFBC}") = "WpfAppAnimate3", "WpfAppAnimate3\WpfAppAnimate3.csproj", "{1D5E2796-DC7F-4404-AD0B-A7BB62DF7A1C}"
EndProject
Global
	GlobalSection(SolutionConfigurationPlatforms) = preSolution
		Debug|Any CPU = Debug|Any CPU
		Release|Any CPU = Release|Any CPU
	EndGlobalSection
	GlobalSection(ProjectConfigurationPlatforms) = postSolution
		{B1D1474F-6D42-4C41-844A-4768D3C4A9E2}.Debug|Any CPU.ActiveCfg = Debug|Any CPU
		{B1D1474F-6D42-4C41-844A-4768D3C4A9E2}.Debug|Any CPU.Build.0 = Debug|Any CPU
		{B1D1474F-6D42-4C41-844A-4768D3C4A9E2}.Release|Any CPU.ActiveCfg = Release|Any CPU
		{B1D1474F-6D42-4C41-844A-4768D3C4A9E2}.Release|Any CPU.Build.0 = Release|Any CPU
		{4FB9118B-990D-433F-954C-D81DF1F21ADB}.Debug|Any CPU.ActiveCfg = Debug|Any CPU
		{4FB9118B-990D-433F-954C-D81DF1F21ADB}.Debug|Any CPU.Build.0 = Debug|Any CPU
		{4FB9118B-990D-433F-954C-D81DF1F21ADB}.Release|Any CPU.ActiveCfg = Release|Any CPU
		{4FB9118B-990D-433F-954C-D81DF1F21ADB}.Release|Any CPU.Build.0 = Release|Any CPU
		{4485AF69-1742-48CC-8BE2-516D2AAF0EC0}.Debug|Any CPU.ActiveCfg = Debug|Any CPU
		{4485AF69-1742-48CC-8BE2-516D2AAF0EC0}.Debug|Any CPU.Build.0 = Debug|Any CPU
		{4485AF69-1742-48CC-8BE2-516D2AAF0EC0}.Release|Any CPU.ActiveCfg = Release|Any CPU
		{4485AF69-1742-48CC-8BE2-516D2AAF0EC0}.Release|Any CPU.Build.0 = Release|Any CPU
		{B68350AF-0878-461D-AA88-8C7A03A62AC2}.Debug|Any CPU.ActiveCfg = Debug|Any CPU
		{B68350AF-0878-461D-AA88-8C7A03A62AC2}.Debug|Any CPU.Build.0 = Debug|Any CPU
		{B68350AF-0878-461D-AA88-8C7A03A62AC2}.Release|Any CPU.ActiveCfg = Release|Any CPU
		{B68350AF-0878-461D-AA88-8C7A03A62AC2}.Release|Any CPU.Build.0 = Release|Any CPU
		{204D4227-D766-4304-BD78-DF2A15B388A5}.Debug|Any CPU.ActiveCfg = Debug|Any CPU
		{204D4227-D766-4304-BD78-DF2A15B388A5}.Debug|Any CPU.Build.0 = Debug|Any CPU
		{204D4227-D766-4304-BD78-DF2A15B388A5}.Release|Any CPU.ActiveCfg = Release|Any CPU
		{204D4227-D766-4304-BD78-DF2A15B388A5}.Release|Any CPU.Build.0 = Release|Any CPU
		{39A5B492-457B-45DB-B859-1179CC395EED}.Debug|Any CPU.ActiveCfg = Debug|Any CPU
		{39A5B492-457B-45DB-B859-1179CC395EED}.Debug|Any CPU.Build.0 = Debug|Any CPU
		{39A5B492-457B-45DB-B859-1179CC395EED}.Release|Any CPU.ActiveCfg = Release|Any CPU
		{39A5B492-457B-45DB-B859-1179CC395EED}.Release|Any CPU.Build.0 = Release|Any CPU
		{1C92E12C-15B3-4FBF-8D99-AA6CCCE2F205}.Debug|Any CPU.ActiveCfg = Debug|Any CPU
		{1C92E12C-15B3-4FBF-8D99-AA6CCCE2F205}.Debug|Any CPU.Build.0 = Debug|Any CPU
		{1C92E12C-15B3-4FBF-8D99-AA6CCCE2F205}.Release|Any CPU.ActiveCfg = Release|Any CPU
		{1C92E12C-15B3-4FBF-8D99-AA6CCCE2F205}.Release|Any CPU.Build.0 = Release|Any CPU
		{929E6ED7-ACF7-464A-B3C2-05C7EEC1699C}.Debug|Any CPU.ActiveCfg = Debug|Any CPU
		{929E6ED7-ACF7-464A-B3C2-05C7EEC1699C}.Debug|Any CPU.Build.0 = Debug|Any CPU
		{929E6ED7-ACF7-464A-B3C2-05C7EEC1699C}.Release|Any CPU.ActiveCfg = Release|Any CPU
		{929E6ED7-ACF7-464A-B3C2-05C7EEC1699C}.Release|Any CPU.Build.0 = Release|Any CPU
		{41D51282-4D92-4826-BDF5-AF883441492E}.Debug|Any CPU.ActiveCfg = Debug|Any CPU
		{41D51282-4D92-4826-BDF5-AF883441492E}.Debug|Any CPU.Build.0 = Debug|Any CPU
		{41D51282-4D92-4826-BDF5-AF883441492E}.Release|Any CPU.ActiveCfg = Release|Any CPU
		{41D51282-4D92-4826-BDF5-AF883441492E}.Release|Any CPU.Build.0 = Release|Any CPU
		{D436E81F-F3F0-45CF-84AD-982C33048C74}.Debug|Any CPU.ActiveCfg = Debug|Any CPU
		{D436E81F-F3F0-45CF-84AD-982C33048C74}.Debug|Any CPU.Build.0 = Debug|Any CPU
		{D436E81F-F3F0-45CF-84AD-982C33048C74}.Release|Any CPU.ActiveCfg = Release|Any CPU
		{D436E81F-F3F0-45CF-84AD-982C33048C74}.Release|Any CPU.Build.0 = Release|Any CPU
		{68F4BC10-D7F1-4B09-9386-302A7C82A392}.Debug|Any CPU.ActiveCfg = Debug|Any CPU
		{68F4BC10-D7F1-4B09-9386-302A7C82A392}.Debug|Any CPU.Build.0 = Debug|Any CPU
		{68F4BC10-D7F1-4B09-9386-302A7C82A392}.Release|Any CPU.ActiveCfg = Release|Any CPU
		{68F4BC10-D7F1-4B09-9386-302A7C82A392}.Release|Any CPU.Build.0 = Release|Any CPU
		{1D5E2796-DC7F-4404-AD0B-A7BB62DF7A1C}.Debug|Any CPU.ActiveCfg = Debug|Any CPU
		{1D5E2796-DC7F-4404-AD0B-A7BB62DF7A1C}.Debug|Any CPU.Build.0 = Debug|Any CPU
		{1D5E2796-DC7F-4404-AD0B-A7BB62DF7A1C}.Release|Any CPU.ActiveCfg = Release|Any CPU
		{1D5E2796-DC7F-4404-AD0B-A7BB62DF7A1C}.Release|Any CPU.Build.0 = Release|Any CPU
	EndGlobalSection
	GlobalSection(SolutionProperties) = preSolution
		HideSolutionNode = FALSE
	EndGlobalSection
	GlobalSection(ExtensibilityGlobals) = postSolution
		SolutionGuid = {5D9A0061-2D85-4905-991A-0F882EEAC220}
	EndGlobalSection
EndGlobal
